{
  "version": 4,
  "terraform_version": "1.5.7",
  "serial": 26,
  "lineage": "5567db92-dbc2-29f9-aff4-213d848dde42",
  "outputs": {},
  "resources": [
    {
      "mode": "data",
      "type": "azuread_client_config",
      "name": "current",
      "provider": "provider[\"registry.terraform.io/hashicorp/azuread\"]",
      "instances": [
        {
          "schema_version": 0,
          "attributes": {
            "client_id": "04b07795-8ddb-461a-bbee-02f9e1bf7b46",
            "id": "03606376-4fe2-46d8-828c-d86f0359d873-04b07795-8ddb-461a-bbee-02f9e1bf7b46-8c12a94e-7249-4a50-8b91-e19ed7fd92cb",
            "object_id": "8c12a94e-7249-4a50-8b91-e19ed7fd92cb",
            "tenant_id": "03606376-4fe2-46d8-828c-d86f0359d873",
            "timeouts": null
          },
          "sensitive_attributes": []
        }
      ]
    },
    {
      "mode": "data",
      "type": "azuread_service_principal",
      "name": "azuredatabricks",
      "provider": "provider[\"registry.terraform.io/hashicorp/azuread\"]",
      "instances": [
        {
          "schema_version": 0,
          "attributes": {
            "account_enabled": true,
            "alternative_names": [],
            "app_role_assignment_required": false,
            "app_role_ids": {},
            "app_roles": [],
            "application_id": "2ff814a6-3304-4ab8-85cb-cd0e6f879c1d",
            "application_tenant_id": "f8cdef31-a31e-4b4a-93e4-5f571e91255a",
            "description": "",
            "display_name": "AzureDatabricks",
            "feature_tags": [
              {
                "custom_single_sign_on": false,
                "enterprise": false,
                "gallery": false,
                "hide": false
              }
            ],
            "features": [
              {
                "custom_single_sign_on_app": false,
                "enterprise_application": false,
                "gallery_application": false,
                "visible_to_users": true
              }
            ],
            "homepage_url": "",
            "id": "22009fa2-7a47-4421-bfd6-06fd731cccd2",
            "login_url": "",
            "logout_url": "https://portal.azure.com/",
            "notes": "",
            "notification_email_addresses": [],
            "oauth2_permission_scope_ids": {
              "user_impersonation": "739272be-e143-11e8-9f32-f2801f1b9fd1"
            },
            "oauth2_permission_scopes": [
              {
                "admin_consent_description": "allows the user to have full access to Azure Databricks",
                "admin_consent_display_name": "user_impersonation",
                "enabled": true,
                "id": "739272be-e143-11e8-9f32-f2801f1b9fd1",
                "type": "User",
                "user_consent_description": "allows the user to have full access to Azure Databricks",
                "user_consent_display_name": "Have full access to Azure Databricks",
                "value": "user_impersonation"
              }
            ],
            "object_id": "22009fa2-7a47-4421-bfd6-06fd731cccd2",
            "preferred_single_sign_on_mode": "",
            "redirect_uris": [
              "https://switzerlandnorth.azuredatabricks.net/login.html",
              "https://switzerlandnorth.azuredatabricks.net/aad/redirect",
              "https://northeurope-c2.pl-auth.azuredatabricks.net/aad/redirect",
              "https://eastus2-c2.pl-auth.azuredatabricks.net/aad/redirect",
              "https://eastus-c2.pl-auth.azuredatabricks.net/aad/redirect",
              "https://southcentralus-c2.pl-auth.azuredatabricks.net/aad/redirect",
              "https://westus2-c2.pl-auth.azuredatabricks.net/aad/redirect",
              "https://usgovvirginia.staging.databricks.azure.us/login.html",
              "https://usgovvirginia.staging.databricks.azure.us/aad/redirect",
              "https://usgovarizona.staging.databricks.azure.us/login.html",
              "https://usgovarizona.staging.databricks.azure.us/aad/redirect",
              "https://westus2.azuredatabricks.net/aad/redirect",
              "https://westeurope-c2.azuredatabricks.net/aad/redirect",
              "https://westeurope-c2.azuredatabricks.net/login.html",
              "https://eastus2-c2.azuredatabricks.net/aad/redirect",
              "https://eastus2-c2.azuredatabricks.net/login.html",
              "https://centralus-c2.azuredatabricks.net/aad/redirect",
              "https://centralus-c2.azuredatabricks.net/login.html",
              "https://northeurope-c2.azuredatabricks.net/aad/redirect",
              "https://northeurope-c2.azuredatabricks.net/login.html",
              "https://northcentralus-c2.azuredatabricks.net/aad/redirect",
              "https://northcentralus-c2.azuredatabricks.net/login.html",
              "https://eastus-c3.azuredatabricks.net/aad/redirect",
              "https://eastus-c3.azuredatabricks.net/login.html",
              "https://eastus-c2.azuredatabricks.net/aad/redirect",
              "https://westus2-c2.azuredatabricks.net/aad/redirect",
              "https://southcentralus-c2.azuredatabricks.net/aad/redirect",
              "https://westindia.azuredatabricks.net/aad/redirect",
              "https://southindia.azuredatabricks.net/aad/redirect",
              "https://centralindia.azuredatabricks.net/aad/redirect",
              "https://canadaeast.azuredatabricks.net/aad/redirect",
              "https://canadacentral.azuredatabricks.net/aad/redirect",
              "https://japanwest.azuredatabricks.net/aad/redirect",
              "https://japaneast.azuredatabricks.net/aad/redirect",
              "https://australiaeast.azuredatabricks.net/aad/redirect",
              "https://ukwest.azuredatabricks.net/aad/redirect",
              "https://australiacentral.azuredatabricks.net/aad/redirect",
              "https://australiasoutheast.azuredatabricks.net/aad/redirect",
              "https://uksouth.azuredatabricks.net/aad/redirect",
              "https://westeurope.azuredatabricks.net/aad/redirect",
              "https://eastus2.azuredatabricks.net/aad/redirect",
              "https://northeurope.azuredatabricks.net/aad/redirect",
              "https://eastus.azuredatabricks.net/aad/redirect",
              "https://westus.azuredatabricks.net/aad/redirect",
              "https://southcentralus.azuredatabricks.net/aad/redirect",
              "https://westcentralus.azuredatabricks.net/aad/redirect",
              "https://centralus.azuredatabricks.net/aad/redirect",
              "https://northcentralus.azuredatabricks.net/aad/redirect",
              "https://southeastasia.azuredatabricks.net/aad/redirect",
              "https://eastasia.azuredatabricks.net/aad/redirect",
              "https://southafricanorth.azuredatabricks.net/aad/redirect",
              "https://koreacentral.azuredatabricks.net/aad/redirect",
              "https://brazilsouth.azuredatabricks.net/aad/redirect",
              "https://francecentral.azuredatabricks.net/aad/redirect",
              "https://usgovarizona.databricks.azure.us/aad/redirect",
              "https://usgovarizona.databricks.azure.us/login.html",
              "https://usgovvirginia.databricks.azure.us/aad/redirect",
              "https://usgovvirginia.databricks.azure.us/login.html",
              "https://uaenorth.azuredatabricks.net/aad/redirect",
              "https://eastus2euap.azuredatabricks.net/aad/redirect",
              "https://australiacentral2.azuredatabricks.net/aad/redirect",
              "https://southcentralus-c2.azuredatabricks.net/login.html",
              "https://westus2-c2.azuredatabricks.net/login.html",
              "https://eastus-c2.azuredatabricks.net/login.html",
              "https://uaenorth.azuredatabricks.net/login.html",
              "https://francecentral.azuredatabricks.net/login.html",
              "https://brazilsouth.azuredatabricks.net/login.html",
              "https://koreacentral.azuredatabricks.net/login.html",
              "https://southafricanorth.azuredatabricks.net/login.html",
              "https://eastasia.azuredatabricks.net/login.html",
              "https://southeastasia.azuredatabricks.net/login.html",
              "https://northcentralus.azuredatabricks.net/login.html",
              "https://centralus.azuredatabricks.net/login.html",
              "https://westus2.azuredatabricks.net/login.html",
              "https://westcentralus.azuredatabricks.net/login.html",
              "https://southcentralus.azuredatabricks.net/login.html",
              "https://westus.azuredatabricks.net/login.html",
              "https://eastus.azuredatabricks.net/login.html",
              "https://eastus.azuredatabricks.net/aad/consume",
              "https://northeurope.azuredatabricks.net/login.html",
              "https://northeurope.azuredatabricks.net/aad/consume",
              "https://eastus2.azuredatabricks.net/login.html",
              "https://westeurope.azuredatabricks.net/login.html",
              "https://westus.azuredatabricks.net/aad/consume",
              "https://eastus2.azuredatabricks.net/aad/consume",
              "https://westeurope.azuredatabricks.net/aad/consume",
              "https://uksouth.azuredatabricks.net/login.html",
              "https://australiasoutheast.azuredatabricks.net/login.html",
              "https://australiacentral.azuredatabricks.net/login.html",
              "https://australiacentral2.azuredatabricks.net/login.html",
              "https://ukwest.azuredatabricks.net/login.html",
              "https://australiaeast.azuredatabricks.net/login.html",
              "https://japaneast.azuredatabricks.net/login.html",
              "https://japanwest.azuredatabricks.net/login.html",
              "https://canadacentral.azuredatabricks.net/login.html",
              "https://canadaeast.azuredatabricks.net/login.html",
              "https://centralindia.azuredatabricks.net/login.html",
              "https://southindia.azuredatabricks.net/login.html",
              "https://westindia.azuredatabricks.net/login.html",
              "https://eastus2euap.azuredatabricks.net/login.html",
              "https://westeurope-c2.pl-auth.azuredatabricks.net/aad/redirect",
              "https://centralus-c2.pl-auth.azuredatabricks.net/aad/redirect",
              "https://usgovvirginia.pl-auth.databricks.azure.us/aad/redirect",
              "https://usgovarizona.pl-auth.databricks.azure.us/aad/redirect",
              "https://usgovvirginia.pl-auth.staging.databricks.azure.us/aad/redirect",
              "https://usgovarizona.pl-auth.staging.databricks.azure.us/aad/redirect",
              "https://eastus-c3.pl-auth.azuredatabricks.net/aad/redirect",
              "https://switzerlandnorth.pl-auth.azuredatabricks.net/aad/redirect",
              "https://northcentralus-c2.pl-auth.azuredatabricks.net/aad/redirect",
              "https://norwayeast.azuredatabricks.net/aad/redirect",
              "https://norwayeast.pl-auth.azuredatabricks.net/aad/redirect",
              "https://norwayeast.azuredatabricks.net/login.html",
              "https://germanywestcentral.azuredatabricks.net/aad/redirect",
              "https://germanywestcentral.azuredatabricks.net/login.html",
              "https://germanywestcentral.pl-auth.azuredatabricks.net/aad/redirect",
              "https://canadacentral.pl-auth.azuredatabricks.net/aad/redirect",
              "https://centralindia.pl-auth.azuredatabricks.net/aad/redirect",
              "https://westus.pl-auth.azuredatabricks.net/aad/redirect",
              "https://ukwest.pl-auth.azuredatabricks.net/aad/redirect",
              "https://southafricanorth.pl-auth.azuredatabricks.net/aad/redirect",
              "https://uaenorth.pl-auth.azuredatabricks.net/aad/redirect",
              "https://westeurope.pl-auth.azuredatabricks.net/aad/redirect",
              "https://australiaeast.pl-auth.azuredatabricks.net/aad/redirect",
              "https://japaneast.pl-auth.azuredatabricks.net/aad/redirect",
              "https://koreacentral.pl-auth.azuredatabricks.net/aad/redirect",
              "https://southeastasia.pl-auth.azuredatabricks.net/aad/redirect",
              "https://brazilsouth.pl-auth.azuredatabricks.net/aad/redirect",
              "https://francecentral.pl-auth.azuredatabricks.net/aad/redirect",
              "https://eastus2.pl-auth.azuredatabricks.net/aad/redirect",
              "https://accounts.azuredatabricks.net/aad/redirect",
              "https://switzerlandwest.azuredatabricks.net/aad/redirect",
              "https://switzerlandwest.azuredatabricks.net/login.html",
              "https://switzerlandwest.pl-auth.azuredatabricks.net/aad/redirect",
              "https://swedencentral.azuredatabricks.net/aad/redirect",
              "https://swedencentral.pl-auth.azuredatabricks.net/aad/redirect",
              "https://swedencentral.azuredatabricks.net/login.html",
              "https://westcentralus.pl-auth.azuredatabricks.net/aad/redirect",
              "https://westus2.pl-auth.azuredatabricks.net/aad/redirect",
              "https://southcentralus.pl-auth.azuredatabricks.net/aad/redirect",
              "https://canadaeast.pl-auth.azuredatabricks.net/aad/redirect",
              "https://centralus.pl-auth.azuredatabricks.net/aad/redirect",
              "https://eastasia.pl-auth.azuredatabricks.net/aad/redirect",
              "https://eastus2euap.pl-auth.azuredatabricks.net/aad/redirect",
              "https://japanwest.pl-auth.azuredatabricks.net/aad/redirect",
              "https://northcentralus.pl-auth.azuredatabricks.net/aad/redirect",
              "https://australiacentral.pl-auth.azuredatabricks.net/aad/redirect",
              "https://australiasoutheast.pl-auth.azuredatabricks.net/aad/redirect",
              "https://northeurope.pl-auth.azuredatabricks.net/aad/redirect",
              "https://australiacentral2.pl-auth.azuredatabricks.net/aad/redirect",
              "https://eastus.pl-auth.azuredatabricks.net/aad/redirect",
              "https://southindia.pl-auth.azuredatabricks.net/aad/redirect",
              "https://uksouth.pl-auth.azuredatabricks.net/aad/redirect",
              "https://westindia.pl-auth.azuredatabricks.net/aad/redirect",
              "https://westus3.azuredatabricks.net/aad/redirect",
              "https://westus3.pl-auth.azuredatabricks.net/aad/redirect",
              "https://westus3.azuredatabricks.net/login.html",
              "https://eastus2-c3.azuredatabricks.net/aad/redirect",
              "https://eastus2-c3.azuredatabricks.net/login.html",
              "https://eastus2-c3.pl-auth.azuredatabricks.net/aad/redirect",
              "https://eastus2-c3.pl-auth.azuredatabricks.net/login.html"
            ],
            "saml_metadata_url": "",
            "saml_single_sign_on": [],
            "service_principal_names": [
              "https://azuredatabricks.net/"
            ],
            "sign_in_audience": "AzureADMultipleOrgs",
            "tags": [],
            "timeouts": null,
            "type": "Application"
          },
          "sensitive_attributes": []
        }
      ]
    },
    {
      "mode": "data",
      "type": "azurerm_client_config",
      "name": "current",
      "provider": "provider[\"registry.terraform.io/hashicorp/azurerm\"]",
      "instances": [
        {
          "schema_version": 0,
          "attributes": {
            "client_id": "04b07795-8ddb-461a-bbee-02f9e1bf7b46",
            "id": "Y2xpZW50Q29uZmlncy9jbGllbnRJZD0wNGIwNzc5NS04ZGRiLTQ2MWEtYmJlZS0wMmY5ZTFiZjdiNDY7b2JqZWN0SWQ9OGMxMmE5NGUtNzI0OS00YTUwLThiOTEtZTE5ZWQ3ZmQ5MmNiO3N1YnNjcmlwdGlvbklkPTVjOWU1MmI0LTMxYmItNGNhMS04MmYzLTIyYWNjYzBjNTJjMzt0ZW5hbnRJZD0wMzYwNjM3Ni00ZmUyLTQ2ZDgtODI4Yy1kODZmMDM1OWQ4NzM=",
            "object_id": "8c12a94e-7249-4a50-8b91-e19ed7fd92cb",
            "subscription_id": "5c9e52b4-31bb-4ca1-82f3-22accc0c52c3",
            "tenant_id": "03606376-4fe2-46d8-828c-d86f0359d873",
            "timeouts": null
          },
          "sensitive_attributes": []
        }
      ]
    },
    {
      "mode": "data",
      "type": "azurerm_key_vault_secret",
      "name": "databricksappclientid",
      "provider": "provider[\"registry.terraform.io/hashicorp/azurerm\"]",
      "instances": [
        {
          "schema_version": 0,
          "attributes": {
            "content_type": "",
            "expiration_date": null,
            "id": "https://kvcloudtechstackdev.vault.azure.net/secrets/databricksappclientid/89a41176bb494aac9b8993ab1f1b0765",
            "key_vault_id": "/subscriptions/5c9e52b4-31bb-4ca1-82f3-22accc0c52c3/resourceGroups/rgdatacloudtechstackdev01/providers/Microsoft.KeyVault/vaults/kvcloudtechstackdev",
            "name": "databricksappclientid",
            "not_before_date": null,
            "resource_id": "/subscriptions/5c9e52b4-31bb-4ca1-82f3-22accc0c52c3/resourceGroups/rgdatacloudtechstackdev01/providers/Microsoft.KeyVault/vaults/kvcloudtechstackdev/secrets/databricksappclientid/versions/89a41176bb494aac9b8993ab1f1b0765",
            "resource_versionless_id": "/subscriptions/5c9e52b4-31bb-4ca1-82f3-22accc0c52c3/resourceGroups/rgdatacloudtechstackdev01/providers/Microsoft.KeyVault/vaults/kvcloudtechstackdev/secrets/databricksappclientid",
            "tags": {},
            "timeouts": null,
            "value": "81024333-0ba4-4e62-859a-0b8597b33fbe",
            "version": "89a41176bb494aac9b8993ab1f1b0765",
            "versionless_id": "https://kvcloudtechstackdev.vault.azure.net/secrets/databricksappclientid"
          },
          "sensitive_attributes": []
        }
      ]
    },
    {
      "mode": "data",
      "type": "azurerm_key_vault_secret",
      "name": "databricksappsecret",
      "provider": "provider[\"registry.terraform.io/hashicorp/azurerm\"]",
      "instances": [
        {
          "schema_version": 0,
          "attributes": {
            "content_type": "",
            "expiration_date": null,
            "id": "https://kvcloudtechstackdev.vault.azure.net/secrets/databricksappsecret/a7843cc72924490d8a5959094be7f81f",
            "key_vault_id": "/subscriptions/5c9e52b4-31bb-4ca1-82f3-22accc0c52c3/resourceGroups/rgdatacloudtechstackdev01/providers/Microsoft.KeyVault/vaults/kvcloudtechstackdev",
            "name": "databricksappsecret",
            "not_before_date": null,
            "resource_id": "/subscriptions/5c9e52b4-31bb-4ca1-82f3-22accc0c52c3/resourceGroups/rgdatacloudtechstackdev01/providers/Microsoft.KeyVault/vaults/kvcloudtechstackdev/secrets/databricksappsecret/versions/a7843cc72924490d8a5959094be7f81f",
            "resource_versionless_id": "/subscriptions/5c9e52b4-31bb-4ca1-82f3-22accc0c52c3/resourceGroups/rgdatacloudtechstackdev01/providers/Microsoft.KeyVault/vaults/kvcloudtechstackdev/secrets/databricksappsecret",
            "tags": {},
            "timeouts": null,
            "value": "tJu8Q~LH0Szlhq0GJNLnaPb_Coe.Wgrq6iTRkcTW",
            "version": "a7843cc72924490d8a5959094be7f81f",
            "versionless_id": "https://kvcloudtechstackdev.vault.azure.net/secrets/databricksappsecret"
          },
          "sensitive_attributes": []
        }
      ]
    },
    {
      "mode": "data",
      "type": "azurerm_key_vault_secret",
      "name": "tenantid",
      "provider": "provider[\"registry.terraform.io/hashicorp/azurerm\"]",
      "instances": [
        {
          "schema_version": 0,
          "attributes": {
            "content_type": "",
            "expiration_date": null,
            "id": "https://kvcloudtechstackdev.vault.azure.net/secrets/tenantid/f0c8b5c50f7f4a1d8731533f18a125a0",
            "key_vault_id": "/subscriptions/5c9e52b4-31bb-4ca1-82f3-22accc0c52c3/resourceGroups/rgdatacloudtechstackdev01/providers/Microsoft.KeyVault/vaults/kvcloudtechstackdev",
            "name": "tenantid",
            "not_before_date": null,
            "resource_id": "/subscriptions/5c9e52b4-31bb-4ca1-82f3-22accc0c52c3/resourceGroups/rgdatacloudtechstackdev01/providers/Microsoft.KeyVault/vaults/kvcloudtechstackdev/secrets/tenantid/versions/f0c8b5c50f7f4a1d8731533f18a125a0",
            "resource_versionless_id": "/subscriptions/5c9e52b4-31bb-4ca1-82f3-22accc0c52c3/resourceGroups/rgdatacloudtechstackdev01/providers/Microsoft.KeyVault/vaults/kvcloudtechstackdev/secrets/tenantid",
            "tags": {},
            "timeouts": null,
            "value": "03606376-4fe2-46d8-828c-d86f0359d873",
            "version": "f0c8b5c50f7f4a1d8731533f18a125a0",
            "versionless_id": "https://kvcloudtechstackdev.vault.azure.net/secrets/tenantid"
          },
          "sensitive_attributes": []
        }
      ]
    },
    {
      "mode": "data",
      "type": "azurerm_subscription",
      "name": "primary",
      "provider": "provider[\"registry.terraform.io/hashicorp/azurerm\"]",
      "instances": [
        {
          "schema_version": 0,
          "attributes": {
            "display_name": "Pay-As-You-Go",
            "id": "/subscriptions/5c9e52b4-31bb-4ca1-82f3-22accc0c52c3",
            "location_placement_id": "Public_2014-09-01",
            "quota_id": "PayAsYouGo_2014-09-01",
            "spending_limit": "Off",
            "state": "Enabled",
            "subscription_id": "5c9e52b4-31bb-4ca1-82f3-22accc0c52c3",
            "tags": {},
            "tenant_id": "03606376-4fe2-46d8-828c-d86f0359d873",
            "timeouts": null
          },
          "sensitive_attributes": []
        }
      ]
    },
    {
      "mode": "data",
      "type": "databricks_node_type",
      "name": "smallest",
      "provider": "provider[\"registry.terraform.io/databricks/databricks\"]",
      "instances": [
        {
          "schema_version": 0,
          "attributes": {
            "category": "General Purpose",
            "fleet": null,
            "gb_per_core": null,
            "graviton": null,
            "id": "Standard_DS3_v2",
            "is_io_cache_enabled": null,
            "local_disk": true,
            "local_disk_min_size": null,
            "min_cores": null,
            "min_gpus": null,
            "min_memory_gb": null,
            "photon_driver_capable": null,
            "photon_worker_capable": null,
            "support_port_forwarding": null
          },
          "sensitive_attributes": []
        }
      ]
    },
    {
      "mode": "data",
      "type": "databricks_spark_version",
      "name": "latest",
      "provider": "provider[\"registry.terraform.io/databricks/databricks\"]",
      "instances": [
        {
          "schema_version": 0,
          "attributes": {
            "beta": null,
            "genomics": null,
            "gpu": null,
            "graviton": null,
            "id": "14.3.x-scala2.12",
            "latest": true,
            "long_term_support": true,
            "ml": null,
            "photon": null,
            "scala": "2.12",
            "spark_version": null
          },
          "sensitive_attributes": []
        }
      ]
    },
    {
      "mode": "managed",
      "type": "azuread_application",
      "name": "databricksapp",
      "provider": "provider[\"registry.terraform.io/hashicorp/azuread\"]",
      "instances": [
        {
          "schema_version": 1,
          "attributes": {
            "api": [
              {
                "known_client_applications": [],
                "mapped_claims_enabled": false,
                "oauth2_permission_scope": [],
                "requested_access_token_version": 1
              }
            ],
            "app_role": [],
            "app_role_ids": {},
            "application_id": "81024333-0ba4-4e62-859a-0b8597b33fbe",
            "description": "",
            "device_only_auth_enabled": false,
            "disabled_by_microsoft": "\u003cnil\u003e",
            "display_name": "svcprdatabrickscloudtechstackdev",
            "fallback_public_client_enabled": false,
            "feature_tags": [
              {
                "custom_single_sign_on": false,
                "enterprise": false,
                "gallery": false,
                "hide": false
              }
            ],
            "group_membership_claims": [],
            "id": "6c2e0e02-3be1-4210-bfe0-7195fce50a49",
            "identifier_uris": [],
            "logo_image": "",
            "logo_url": "",
            "marketing_url": "",
            "notes": "",
            "oauth2_permission_scope_ids": {},
            "oauth2_post_response_required": false,
            "object_id": "6c2e0e02-3be1-4210-bfe0-7195fce50a49",
            "optional_claims": [
              {
                "access_token": [],
                "id_token": [],
                "saml2_token": []
              }
            ],
            "owners": [
              "8c12a94e-7249-4a50-8b91-e19ed7fd92cb"
            ],
            "prevent_duplicate_names": false,
            "privacy_statement_url": "",
            "public_client": [
              {
                "redirect_uris": []
              }
            ],
            "publisher_domain": "yuvarajgopalgmail.onmicrosoft.com",
            "required_resource_access": [],
            "service_management_reference": "",
            "sign_in_audience": "AzureADMyOrg",
            "single_page_application": [
              {
                "redirect_uris": []
              }
            ],
            "support_url": "",
            "tags": [],
            "template_id": "",
            "terms_of_service_url": "",
            "timeouts": null,
            "web": [
              {
                "homepage_url": "",
                "implicit_grant": [
                  {
                    "access_token_issuance_enabled": false,
                    "id_token_issuance_enabled": false
                  }
                ],
                "logout_url": "",
                "redirect_uris": []
              }
            ]
          },
          "sensitive_attributes": [],
          "private": "eyJlMmJmYjczMC1lY2FhLTExZTYtOGY4OC0zNDM2M2JjN2M0YzAiOnsiY3JlYXRlIjo2MDAwMDAwMDAwMDAsImRlbGV0ZSI6MzAwMDAwMDAwMDAwLCJyZWFkIjozMDAwMDAwMDAwMDAsInVwZGF0ZSI6NjAwMDAwMDAwMDAwfSwic2NoZW1hX3ZlcnNpb24iOiIxIn0=",
          "dependencies": [
            "data.azuread_client_config.current"
          ]
        }
      ]
    },
    {
      "mode": "managed",
      "type": "azuread_application_password",
      "name": "databricksapp",
      "provider": "provider[\"registry.terraform.io/hashicorp/azuread\"]",
      "instances": [
        {
          "schema_version": 1,
          "attributes": {
            "application_object_id": "6c2e0e02-3be1-4210-bfe0-7195fce50a49",
            "display_name": "databricksapp App Password",
            "end_date": "2026-02-03T03:25:27Z",
            "end_date_relative": null,
            "id": "6c2e0e02-3be1-4210-bfe0-7195fce50a49/password/23c10c46-9e62-4a18-8f38-05100d2cebe1",
            "key_id": "23c10c46-9e62-4a18-8f38-05100d2cebe1",
            "rotate_when_changed": {
              "rotation": "2024-02-03T03:22:39Z"
            },
            "start_date": "2024-02-03T03:25:27Z",
            "timeouts": null,
            "value": "tJu8Q~LH0Szlhq0GJNLnaPb_Coe.Wgrq6iTRkcTW"
          },
          "sensitive_attributes": [],
          "private": "eyJlMmJmYjczMC1lY2FhLTExZTYtOGY4OC0zNDM2M2JjN2M0YzAiOnsiY3JlYXRlIjo5MDAwMDAwMDAwMDAsImRlbGV0ZSI6MzAwMDAwMDAwMDAwLCJyZWFkIjozMDAwMDAwMDAwMDAsInVwZGF0ZSI6MzAwMDAwMDAwMDAwfSwic2NoZW1hX3ZlcnNpb24iOiIxIn0=",
          "dependencies": [
            "azuread_application.databricksapp",
            "azurerm_key_vault.kvdatabricks",
            "azurerm_resource_group.rgdata01",
            "data.azuread_client_config.current",
            "data.azuread_service_principal.azuredatabricks",
            "data.azurerm_client_config.current",
            "time_rotating.two_years"
          ]
        }
      ]
    },
    {
      "mode": "managed",
      "type": "azuread_service_principal",
      "name": "databricksapp",
      "provider": "provider[\"registry.terraform.io/hashicorp/azuread\"]",
      "instances": [
        {
          "schema_version": 0,
          "attributes": {
            "account_enabled": true,
            "alternative_names": [],
            "app_role_assignment_required": false,
            "app_role_ids": {},
            "app_roles": [],
            "application_id": "81024333-0ba4-4e62-859a-0b8597b33fbe",
            "application_tenant_id": "03606376-4fe2-46d8-828c-d86f0359d873",
            "description": "",
            "display_name": "svcprdatabrickscloudtechstackdev",
            "feature_tags": [
              {
                "custom_single_sign_on": false,
                "enterprise": true,
                "gallery": true,
                "hide": false
              }
            ],
            "features": [
              {
                "custom_single_sign_on_app": false,
                "enterprise_application": true,
                "gallery_application": true,
                "visible_to_users": true
              }
            ],
            "homepage_url": "",
            "id": "682db6d7-f876-4d45-af53-3f45c0013a58",
            "login_url": "",
            "logout_url": "",
            "notes": "",
            "notification_email_addresses": [],
            "oauth2_permission_scope_ids": {},
            "oauth2_permission_scopes": [],
            "object_id": "682db6d7-f876-4d45-af53-3f45c0013a58",
            "owners": [
              "8c12a94e-7249-4a50-8b91-e19ed7fd92cb"
            ],
            "preferred_single_sign_on_mode": "",
            "redirect_uris": [],
            "saml_metadata_url": "",
            "saml_single_sign_on": [
              {
                "relay_state": ""
              }
            ],
            "service_principal_names": [],
            "sign_in_audience": "AzureADMyOrg",
            "tags": [
              "WindowsAzureActiveDirectoryGalleryApplicationNonPrimaryV1",
              "WindowsAzureActiveDirectoryIntegratedApp"
            ],
            "timeouts": null,
            "type": "Application",
            "use_existing": null
          },
          "sensitive_attributes": [],
          "private": "eyJlMmJmYjczMC1lY2FhLTExZTYtOGY4OC0zNDM2M2JjN2M0YzAiOnsiY3JlYXRlIjo2MDAwMDAwMDAwMDAsImRlbGV0ZSI6MzAwMDAwMDAwMDAwLCJyZWFkIjozMDAwMDAwMDAwMDAsInVwZGF0ZSI6NjAwMDAwMDAwMDAwfX0=",
          "dependencies": [
            "azuread_application.databricksapp",
            "data.azuread_client_config.current"
          ]
        }
      ]
    },
    {
      "mode": "managed",
      "type": "azurerm_databricks_workspace",
      "name": "dbwdata01",
      "provider": "provider[\"registry.terraform.io/hashicorp/azurerm\"]",
      "instances": [
        {
          "schema_version": 0,
          "attributes": {
            "custom_parameters": [
              {
                "machine_learning_workspace_id": "",
                "nat_gateway_name": "",
                "no_public_ip": false,
                "private_subnet_name": "",
                "private_subnet_network_security_group_association_id": "",
                "public_ip_name": "nat-gw-public-ip",
                "public_subnet_name": "",
                "public_subnet_network_security_group_association_id": "",
                "storage_account_name": "dbstorageo4kzku77aekqu",
                "storage_account_sku_name": "Standard_GRS",
                "virtual_network_id": "",
                "vnet_address_prefix": "10.139"
              }
            ],
            "customer_managed_key_enabled": false,
            "disk_encryption_set_id": null,
            "id": "/subscriptions/5c9e52b4-31bb-4ca1-82f3-22accc0c52c3/resourceGroups/rgdatacloudtechstackdev01/providers/Microsoft.Databricks/workspaces/dbwdatacloudtechstackdev01",
            "infrastructure_encryption_enabled": false,
            "load_balancer_backend_address_pool_id": "",
            "location": "eastus2",
            "managed_disk_cmk_key_vault_key_id": null,
            "managed_disk_cmk_rotation_to_latest_version_enabled": null,
            "managed_disk_identity": [],
            "managed_resource_group_id": "/subscriptions/5c9e52b4-31bb-4ca1-82f3-22accc0c52c3/resourceGroups/databricks-rg-rgdatacloudtechstackdev01",
            "managed_resource_group_name": "databricks-rg-rgdatacloudtechstackdev01",
            "managed_services_cmk_key_vault_key_id": null,
            "name": "dbwdatacloudtechstackdev01",
            "network_security_group_rules_required": null,
            "public_network_access_enabled": true,
            "resource_group_name": "rgdatacloudtechstackdev01",
            "sku": "standard",
            "storage_account_identity": [],
            "tags": {
              "environment": "dev"
            },
            "timeouts": null,
            "workspace_id": "4682223416238881",
            "workspace_url": "adb-4682223416238881.1.azuredatabricks.net"
          },
          "sensitive_attributes": [],
          "private": "eyJlMmJmYjczMC1lY2FhLTExZTYtOGY4OC0zNDM2M2JjN2M0YzAiOnsiY3JlYXRlIjoxODAwMDAwMDAwMDAwLCJkZWxldGUiOjE4MDAwMDAwMDAwMDAsInJlYWQiOjMwMDAwMDAwMDAwMCwidXBkYXRlIjoxODAwMDAwMDAwMDAwfX0=",
          "dependencies": [
            "azurerm_resource_group.rgdata01"
          ]
        }
      ]
    },
    {
      "mode": "managed",
      "type": "azurerm_key_vault",
      "name": "kvdatabricks",
      "provider": "provider[\"registry.terraform.io/hashicorp/azurerm\"]",
      "instances": [
        {
          "schema_version": 2,
          "attributes": {
            "access_policy": [
              {
                "application_id": "",
                "certificate_permissions": [],
                "key_permissions": [
                  "Get",
                  "Create",
                  "Delete",
                  "List",
                  "Restore",
                  "Recover",
                  "UnwrapKey",
                  "WrapKey",
                  "Purge",
                  "Encrypt",
                  "Decrypt",
                  "Sign",
                  "Verify",
                  "Release",
                  "Rotate",
                  "GetRotationPolicy",
                  "SetRotationPolicy"
                ],
                "object_id": "8c12a94e-7249-4a50-8b91-e19ed7fd92cb",
                "secret_permissions": [
                  "Backup",
                  "Delete",
                  "Get",
                  "List",
                  "Purge",
                  "Recover",
                  "Restore",
                  "Set"
                ],
                "storage_permissions": [
                  "Backup",
                  "Delete",
                  "DeleteSAS",
                  "Get",
                  "GetSAS",
                  "List",
                  "ListSAS",
                  "Purge",
                  "Recover",
                  "RegenerateKey",
                  "Restore",
                  "Set",
                  "SetSAS",
                  "Update"
                ],
                "tenant_id": "03606376-4fe2-46d8-828c-d86f0359d873"
              },
              {
                "application_id": "",
                "certificate_permissions": [],
                "key_permissions": [],
                "object_id": "22009fa2-7a47-4421-bfd6-06fd731cccd2",
                "secret_permissions": [
                  "Get",
                  "List"
                ],
                "storage_permissions": [],
                "tenant_id": "03606376-4fe2-46d8-828c-d86f0359d873"
              }
            ],
            "contact": [],
            "enable_rbac_authorization": false,
            "enabled_for_deployment": false,
            "enabled_for_disk_encryption": true,
            "enabled_for_template_deployment": false,
            "id": "/subscriptions/5c9e52b4-31bb-4ca1-82f3-22accc0c52c3/resourceGroups/rgdatacloudtechstackdev01/providers/Microsoft.KeyVault/vaults/kvcloudtechstackdev",
            "location": "eastus2",
            "name": "kvcloudtechstackdev",
            "network_acls": [
              {
                "bypass": "AzureServices",
                "default_action": "Allow",
                "ip_rules": [],
                "virtual_network_subnet_ids": []
              }
            ],
            "public_network_access_enabled": true,
            "purge_protection_enabled": false,
            "resource_group_name": "rgdatacloudtechstackdev01",
            "sku_name": "standard",
            "soft_delete_retention_days": 7,
            "tags": {},
            "tenant_id": "03606376-4fe2-46d8-828c-d86f0359d873",
            "timeouts": null,
            "vault_uri": "https://kvcloudtechstackdev.vault.azure.net/"
          },
          "sensitive_attributes": [],
          "private": "eyJlMmJmYjczMC1lY2FhLTExZTYtOGY4OC0zNDM2M2JjN2M0YzAiOnsiY3JlYXRlIjoxODAwMDAwMDAwMDAwLCJkZWxldGUiOjE4MDAwMDAwMDAwMDAsInJlYWQiOjMwMDAwMDAwMDAwMCwidXBkYXRlIjoxODAwMDAwMDAwMDAwfSwic2NoZW1hX3ZlcnNpb24iOiIyIn0=",
          "dependencies": [
            "azurerm_resource_group.rgdata01",
            "data.azuread_service_principal.azuredatabricks",
            "data.azurerm_client_config.current"
          ]
        }
      ]
    },
    {
      "mode": "managed",
      "type": "azurerm_key_vault_secret",
      "name": "databricksappclientid",
      "provider": "provider[\"registry.terraform.io/hashicorp/azurerm\"]",
      "instances": [
        {
          "schema_version": 0,
          "attributes": {
            "content_type": "",
            "expiration_date": null,
            "id": "https://kvcloudtechstackdev.vault.azure.net/secrets/databricksappclientid/89a41176bb494aac9b8993ab1f1b0765",
            "key_vault_id": "/subscriptions/5c9e52b4-31bb-4ca1-82f3-22accc0c52c3/resourceGroups/rgdatacloudtechstackdev01/providers/Microsoft.KeyVault/vaults/kvcloudtechstackdev",
            "name": "databricksappclientid",
            "not_before_date": null,
            "resource_id": "/subscriptions/5c9e52b4-31bb-4ca1-82f3-22accc0c52c3/resourceGroups/rgdatacloudtechstackdev01/providers/Microsoft.KeyVault/vaults/kvcloudtechstackdev/secrets/databricksappclientid/versions/89a41176bb494aac9b8993ab1f1b0765",
            "resource_versionless_id": "/subscriptions/5c9e52b4-31bb-4ca1-82f3-22accc0c52c3/resourceGroups/rgdatacloudtechstackdev01/providers/Microsoft.KeyVault/vaults/kvcloudtechstackdev/secrets/databricksappclientid",
            "tags": {},
            "timeouts": null,
            "value": "81024333-0ba4-4e62-859a-0b8597b33fbe",
            "version": "89a41176bb494aac9b8993ab1f1b0765",
            "versionless_id": "https://kvcloudtechstackdev.vault.azure.net/secrets/databricksappclientid"
          },
          "sensitive_attributes": [],
          "private": "eyJlMmJmYjczMC1lY2FhLTExZTYtOGY4OC0zNDM2M2JjN2M0YzAiOnsiY3JlYXRlIjoxODAwMDAwMDAwMDAwLCJkZWxldGUiOjE4MDAwMDAwMDAwMDAsInJlYWQiOjE4MDAwMDAwMDAwMDAsInVwZGF0ZSI6MTgwMDAwMDAwMDAwMH19",
          "dependencies": [
            "azuread_application.databricksapp",
            "azurerm_key_vault.kvdatabricks",
            "azurerm_resource_group.rgdata01",
            "data.azuread_client_config.current",
            "data.azuread_service_principal.azuredatabricks",
            "data.azurerm_client_config.current"
          ]
        }
      ]
    },
    {
      "mode": "managed",
      "type": "azurerm_key_vault_secret",
      "name": "databricksappsecret",
      "provider": "provider[\"registry.terraform.io/hashicorp/azurerm\"]",
      "instances": [
        {
          "schema_version": 0,
          "attributes": {
            "content_type": "",
            "expiration_date": null,
            "id": "https://kvcloudtechstackdev.vault.azure.net/secrets/databricksappsecret/a7843cc72924490d8a5959094be7f81f",
            "key_vault_id": "/subscriptions/5c9e52b4-31bb-4ca1-82f3-22accc0c52c3/resourceGroups/rgdatacloudtechstackdev01/providers/Microsoft.KeyVault/vaults/kvcloudtechstackdev",
            "name": "databricksappsecret",
            "not_before_date": null,
            "resource_id": "/subscriptions/5c9e52b4-31bb-4ca1-82f3-22accc0c52c3/resourceGroups/rgdatacloudtechstackdev01/providers/Microsoft.KeyVault/vaults/kvcloudtechstackdev/secrets/databricksappsecret/versions/a7843cc72924490d8a5959094be7f81f",
            "resource_versionless_id": "/subscriptions/5c9e52b4-31bb-4ca1-82f3-22accc0c52c3/resourceGroups/rgdatacloudtechstackdev01/providers/Microsoft.KeyVault/vaults/kvcloudtechstackdev/secrets/databricksappsecret",
            "tags": {},
            "timeouts": null,
            "value": "tJu8Q~LH0Szlhq0GJNLnaPb_Coe.Wgrq6iTRkcTW",
            "version": "a7843cc72924490d8a5959094be7f81f",
            "versionless_id": "https://kvcloudtechstackdev.vault.azure.net/secrets/databricksappsecret"
          },
          "sensitive_attributes": [
            [
              {
                "type": "get_attr",
                "value": "value"
              }
            ]
          ],
          "private": "eyJlMmJmYjczMC1lY2FhLTExZTYtOGY4OC0zNDM2M2JjN2M0YzAiOnsiY3JlYXRlIjoxODAwMDAwMDAwMDAwLCJkZWxldGUiOjE4MDAwMDAwMDAwMDAsInJlYWQiOjE4MDAwMDAwMDAwMDAsInVwZGF0ZSI6MTgwMDAwMDAwMDAwMH19",
          "dependencies": [
            "azuread_application.databricksapp",
            "azuread_application_password.databricksapp",
            "azurerm_key_vault.kvdatabricks",
            "azurerm_resource_group.rgdata01",
            "data.azuread_client_config.current",
            "data.azuread_service_principal.azuredatabricks",
            "data.azurerm_client_config.current",
            "time_rotating.two_years"
          ]
        }
      ]
    },
    {
      "mode": "managed",
      "type": "azurerm_key_vault_secret",
      "name": "tenantid",
      "provider": "provider[\"registry.terraform.io/hashicorp/azurerm\"]",
      "instances": [
        {
          "schema_version": 0,
          "attributes": {
            "content_type": "",
            "expiration_date": null,
            "id": "https://kvcloudtechstackdev.vault.azure.net/secrets/tenantid/f0c8b5c50f7f4a1d8731533f18a125a0",
            "key_vault_id": "/subscriptions/5c9e52b4-31bb-4ca1-82f3-22accc0c52c3/resourceGroups/rgdatacloudtechstackdev01/providers/Microsoft.KeyVault/vaults/kvcloudtechstackdev",
            "name": "tenantid",
            "not_before_date": null,
            "resource_id": "/subscriptions/5c9e52b4-31bb-4ca1-82f3-22accc0c52c3/resourceGroups/rgdatacloudtechstackdev01/providers/Microsoft.KeyVault/vaults/kvcloudtechstackdev/secrets/tenantid/versions/f0c8b5c50f7f4a1d8731533f18a125a0",
            "resource_versionless_id": "/subscriptions/5c9e52b4-31bb-4ca1-82f3-22accc0c52c3/resourceGroups/rgdatacloudtechstackdev01/providers/Microsoft.KeyVault/vaults/kvcloudtechstackdev/secrets/tenantid",
            "tags": {},
            "timeouts": null,
            "value": "03606376-4fe2-46d8-828c-d86f0359d873",
            "version": "f0c8b5c50f7f4a1d8731533f18a125a0",
            "versionless_id": "https://kvcloudtechstackdev.vault.azure.net/secrets/tenantid"
          },
          "sensitive_attributes": [],
          "private": "eyJlMmJmYjczMC1lY2FhLTExZTYtOGY4OC0zNDM2M2JjN2M0YzAiOnsiY3JlYXRlIjoxODAwMDAwMDAwMDAwLCJkZWxldGUiOjE4MDAwMDAwMDAwMDAsInJlYWQiOjE4MDAwMDAwMDAwMDAsInVwZGF0ZSI6MTgwMDAwMDAwMDAwMH19",
          "dependencies": [
            "azurerm_key_vault.kvdatabricks",
            "azurerm_resource_group.rgdata01",
            "data.azuread_service_principal.azuredatabricks",
            "data.azurerm_client_config.current"
          ]
        }
      ]
    },
    {
      "mode": "managed",
      "type": "azurerm_resource_group",
      "name": "rgdata01",
      "provider": "provider[\"registry.terraform.io/hashicorp/azurerm\"]",
      "instances": [
        {
          "schema_version": 0,
          "attributes": {
            "id": "/subscriptions/5c9e52b4-31bb-4ca1-82f3-22accc0c52c3/resourceGroups/rgdatacloudtechstackdev01",
            "location": "eastus2",
            "managed_by": "",
            "name": "rgdatacloudtechstackdev01",
            "tags": {},
            "timeouts": null
          },
          "sensitive_attributes": [],
          "private": "eyJlMmJmYjczMC1lY2FhLTExZTYtOGY4OC0zNDM2M2JjN2M0YzAiOnsiY3JlYXRlIjo1NDAwMDAwMDAwMDAwLCJkZWxldGUiOjU0MDAwMDAwMDAwMDAsInJlYWQiOjMwMDAwMDAwMDAwMCwidXBkYXRlIjo1NDAwMDAwMDAwMDAwfX0="
        }
      ]
    },
    {
      "mode": "managed",
      "type": "azurerm_role_assignment",
      "name": "databricksapp",
      "provider": "provider[\"registry.terraform.io/hashicorp/azurerm\"]",
      "instances": [
        {
          "schema_version": 0,
          "attributes": {
            "condition": "",
            "condition_version": "",
            "delegated_managed_identity_resource_id": "",
            "description": "",
            "id": "/subscriptions/5c9e52b4-31bb-4ca1-82f3-22accc0c52c3/resourceGroups/rgdatacloudtechstackdev01/providers/Microsoft.Storage/storageAccounts/stgcloudtechstackdev01/providers/Microsoft.Authorization/roleAssignments/2c3b1d3e-562c-51c3-fd36-90a2dac0c7a9",
            "name": "2c3b1d3e-562c-51c3-fd36-90a2dac0c7a9",
            "principal_id": "682db6d7-f876-4d45-af53-3f45c0013a58",
            "principal_type": "ServicePrincipal",
            "role_definition_id": "/subscriptions/5c9e52b4-31bb-4ca1-82f3-22accc0c52c3/providers/Microsoft.Authorization/roleDefinitions/ba92f5b4-2d11-453d-a403-e96b0029c9fe",
            "role_definition_name": "Storage Blob Data Contributor",
            "scope": "/subscriptions/5c9e52b4-31bb-4ca1-82f3-22accc0c52c3/resourceGroups/rgdatacloudtechstackdev01/providers/Microsoft.Storage/storageAccounts/stgcloudtechstackdev01",
            "skip_service_principal_aad_check": null,
            "timeouts": null
          },
          "sensitive_attributes": [],
          "private": "eyJlMmJmYjczMC1lY2FhLTExZTYtOGY4OC0zNDM2M2JjN2M0YzAiOnsiY3JlYXRlIjoxODAwMDAwMDAwMDAwLCJkZWxldGUiOjE4MDAwMDAwMDAwMDAsInJlYWQiOjMwMDAwMDAwMDAwMCwidXBkYXRlIjoxODAwMDAwMDAwMDAwfX0=",
          "dependencies": [
            "azuread_application.databricksapp",
            "azuread_service_principal.databricksapp",
            "azurerm_resource_group.rgdata01",
            "azurerm_storage_account.stacdata01",
            "data.azuread_client_config.current"
          ]
        }
      ]
    },
    {
      "mode": "managed",
      "type": "azurerm_storage_account",
      "name": "stacdata01",
      "provider": "provider[\"registry.terraform.io/hashicorp/azurerm\"]",
      "instances": [
        {
          "schema_version": 4,
          "attributes": {
            "access_tier": "Hot",
            "account_kind": "StorageV2",
            "account_replication_type": "LRS",
            "account_tier": "Standard",
            "allow_nested_items_to_be_public": true,
            "allowed_copy_scope": "",
            "azure_files_authentication": [],
            "blob_properties": [
              {
                "change_feed_enabled": false,
                "change_feed_retention_in_days": 0,
                "container_delete_retention_policy": [
                  {
                    "days": 1
                  }
                ],
                "cors_rule": [],
                "default_service_version": "",
                "delete_retention_policy": [
                  {
                    "days": 1
                  }
                ],
                "last_access_time_enabled": false,
                "restore_policy": [],
                "versioning_enabled": false
              }
            ],
            "cross_tenant_replication_enabled": true,
            "custom_domain": [],
            "customer_managed_key": [],
            "default_to_oauth_authentication": false,
            "edge_zone": "",
            "enable_https_traffic_only": true,
            "id": "/subscriptions/5c9e52b4-31bb-4ca1-82f3-22accc0c52c3/resourceGroups/rgdatacloudtechstackdev01/providers/Microsoft.Storage/storageAccounts/stgcloudtechstackdev01",
            "identity": [],
            "immutability_policy": [],
            "infrastructure_encryption_enabled": false,
            "is_hns_enabled": true,
            "large_file_share_enabled": null,
            "location": "eastus2",
            "min_tls_version": "TLS1_2",
            "name": "stgcloudtechstackdev01",
            "network_rules": [
              {
                "bypass": [
                  "AzureServices"
                ],
                "default_action": "Allow",
                "ip_rules": [],
                "private_link_access": [],
                "virtual_network_subnet_ids": []
              }
            ],
            "nfsv3_enabled": false,
            "primary_access_key": "GJxfqfK8S+H6zh4Yaosg8bBlLDeShq/2ePohtlJndfdv5ew7TA4G8mJaildOwCwKeAMqTQQYB2cf+AStRoCzgg==",
            "primary_blob_connection_string": "DefaultEndpointsProtocol=https;BlobEndpoint=https://stgcloudtechstackdev01.blob.core.windows.net/;AccountName=stgcloudtechstackdev01;AccountKey=GJxfqfK8S+H6zh4Yaosg8bBlLDeShq/2ePohtlJndfdv5ew7TA4G8mJaildOwCwKeAMqTQQYB2cf+AStRoCzgg==",
            "primary_blob_endpoint": "https://stgcloudtechstackdev01.blob.core.windows.net/",
            "primary_blob_host": "stgcloudtechstackdev01.blob.core.windows.net",
            "primary_connection_string": "DefaultEndpointsProtocol=https;AccountName=stgcloudtechstackdev01;AccountKey=GJxfqfK8S+H6zh4Yaosg8bBlLDeShq/2ePohtlJndfdv5ew7TA4G8mJaildOwCwKeAMqTQQYB2cf+AStRoCzgg==;EndpointSuffix=core.windows.net",
            "primary_dfs_endpoint": "https://stgcloudtechstackdev01.dfs.core.windows.net/",
            "primary_dfs_host": "stgcloudtechstackdev01.dfs.core.windows.net",
            "primary_file_endpoint": "https://stgcloudtechstackdev01.file.core.windows.net/",
            "primary_file_host": "stgcloudtechstackdev01.file.core.windows.net",
            "primary_location": "eastus2",
            "primary_queue_endpoint": "https://stgcloudtechstackdev01.queue.core.windows.net/",
            "primary_queue_host": "stgcloudtechstackdev01.queue.core.windows.net",
            "primary_table_endpoint": "https://stgcloudtechstackdev01.table.core.windows.net/",
            "primary_table_host": "stgcloudtechstackdev01.table.core.windows.net",
            "primary_web_endpoint": "https://stgcloudtechstackdev01.z20.web.core.windows.net/",
            "primary_web_host": "stgcloudtechstackdev01.z20.web.core.windows.net",
            "public_network_access_enabled": true,
            "queue_encryption_key_type": "Service",
            "queue_properties": [
              {
                "cors_rule": [],
                "hour_metrics": [
                  {
                    "enabled": true,
                    "include_apis": true,
                    "retention_policy_days": 7,
                    "version": "1.0"
                  }
                ],
                "logging": [
                  {
                    "delete": false,
                    "read": false,
                    "retention_policy_days": 0,
                    "version": "1.0",
                    "write": false
                  }
                ],
                "minute_metrics": [
                  {
                    "enabled": false,
                    "include_apis": false,
                    "retention_policy_days": 0,
                    "version": "1.0"
                  }
                ]
              }
            ],
            "resource_group_name": "rgdatacloudtechstackdev01",
            "routing": [],
            "sas_policy": [],
            "secondary_access_key": "dLK1BGFCQbbHhz0xWsw8Wh5bAXbMI8d7U7WFKhtMiu4S516zFsfTBOTFsFgauEseska/fAcodvq3+AStTVIJ3A==",
            "secondary_blob_connection_string": "",
            "secondary_blob_endpoint": null,
            "secondary_blob_host": null,
            "secondary_connection_string": "DefaultEndpointsProtocol=https;AccountName=stgcloudtechstackdev01;AccountKey=dLK1BGFCQbbHhz0xWsw8Wh5bAXbMI8d7U7WFKhtMiu4S516zFsfTBOTFsFgauEseska/fAcodvq3+AStTVIJ3A==;EndpointSuffix=core.windows.net",
            "secondary_dfs_endpoint": null,
            "secondary_dfs_host": null,
            "secondary_file_endpoint": null,
            "secondary_file_host": null,
            "secondary_location": "",
            "secondary_queue_endpoint": null,
            "secondary_queue_host": null,
            "secondary_table_endpoint": null,
            "secondary_table_host": null,
            "secondary_web_endpoint": null,
            "secondary_web_host": null,
            "sftp_enabled": false,
            "share_properties": [
              {
                "cors_rule": [],
                "retention_policy": [
                  {
                    "days": 7
                  }
                ],
                "smb": []
              }
            ],
            "shared_access_key_enabled": true,
            "static_website": [],
            "table_encryption_key_type": "Service",
            "tags": {
              "environment": "dev"
            },
            "timeouts": null
          },
          "sensitive_attributes": [],
          "private": "eyJlMmJmYjczMC1lY2FhLTExZTYtOGY4OC0zNDM2M2JjN2M0YzAiOnsiY3JlYXRlIjozNjAwMDAwMDAwMDAwLCJkZWxldGUiOjM2MDAwMDAwMDAwMDAsInJlYWQiOjMwMDAwMDAwMDAwMCwidXBkYXRlIjozNjAwMDAwMDAwMDAwfSwic2NoZW1hX3ZlcnNpb24iOiI0In0=",
          "dependencies": [
            "azurerm_resource_group.rgdata01"
          ]
        }
      ]
    },
    {
      "mode": "managed",
      "type": "azurerm_storage_container",
      "name": "ctdatabronze",
      "provider": "provider[\"registry.terraform.io/hashicorp/azurerm\"]",
      "instances": [
        {
          "schema_version": 1,
          "attributes": {
            "container_access_type": "private",
            "has_immutability_policy": false,
            "has_legal_hold": false,
            "id": "https://stgcloudtechstackdev01.blob.core.windows.net/ctdatabronze",
            "metadata": {},
            "name": "ctdatabronze",
            "resource_manager_id": "/subscriptions/5c9e52b4-31bb-4ca1-82f3-22accc0c52c3/resourceGroups/rgdatacloudtechstackdev01/providers/Microsoft.Storage/storageAccounts/stgcloudtechstackdev01/blobServices/default/containers/ctdatabronze",
            "storage_account_name": "stgcloudtechstackdev01",
            "timeouts": null
          },
          "sensitive_attributes": [],
          "private": "eyJlMmJmYjczMC1lY2FhLTExZTYtOGY4OC0zNDM2M2JjN2M0YzAiOnsiY3JlYXRlIjoxODAwMDAwMDAwMDAwLCJkZWxldGUiOjE4MDAwMDAwMDAwMDAsInJlYWQiOjMwMDAwMDAwMDAwMCwidXBkYXRlIjoxODAwMDAwMDAwMDAwfSwic2NoZW1hX3ZlcnNpb24iOiIxIn0=",
          "dependencies": [
            "azurerm_resource_group.rgdata01",
            "azurerm_storage_account.stacdata01"
          ]
        }
      ]
    },
    {
      "mode": "managed",
      "type": "azurerm_storage_container",
      "name": "ctdatagold",
      "provider": "provider[\"registry.terraform.io/hashicorp/azurerm\"]",
      "instances": [
        {
          "schema_version": 1,
          "attributes": {
            "container_access_type": "private",
            "has_immutability_policy": false,
            "has_legal_hold": false,
            "id": "https://stgcloudtechstackdev01.blob.core.windows.net/ctdatagold",
            "metadata": {},
            "name": "ctdatagold",
            "resource_manager_id": "/subscriptions/5c9e52b4-31bb-4ca1-82f3-22accc0c52c3/resourceGroups/rgdatacloudtechstackdev01/providers/Microsoft.Storage/storageAccounts/stgcloudtechstackdev01/blobServices/default/containers/ctdatagold",
            "storage_account_name": "stgcloudtechstackdev01",
            "timeouts": null
          },
          "sensitive_attributes": [],
          "private": "eyJlMmJmYjczMC1lY2FhLTExZTYtOGY4OC0zNDM2M2JjN2M0YzAiOnsiY3JlYXRlIjoxODAwMDAwMDAwMDAwLCJkZWxldGUiOjE4MDAwMDAwMDAwMDAsInJlYWQiOjMwMDAwMDAwMDAwMCwidXBkYXRlIjoxODAwMDAwMDAwMDAwfSwic2NoZW1hX3ZlcnNpb24iOiIxIn0=",
          "dependencies": [
            "azurerm_resource_group.rgdata01",
            "azurerm_storage_account.stacdata01"
          ]
        }
      ]
    },
    {
      "mode": "managed",
      "type": "azurerm_storage_container",
      "name": "ctdatasilver",
      "provider": "provider[\"registry.terraform.io/hashicorp/azurerm\"]",
      "instances": [
        {
          "schema_version": 1,
          "attributes": {
            "container_access_type": "private",
            "has_immutability_policy": false,
            "has_legal_hold": false,
            "id": "https://stgcloudtechstackdev01.blob.core.windows.net/ctdatasilver",
            "metadata": {},
            "name": "ctdatasilver",
            "resource_manager_id": "/subscriptions/5c9e52b4-31bb-4ca1-82f3-22accc0c52c3/resourceGroups/rgdatacloudtechstackdev01/providers/Microsoft.Storage/storageAccounts/stgcloudtechstackdev01/blobServices/default/containers/ctdatasilver",
            "storage_account_name": "stgcloudtechstackdev01",
            "timeouts": null
          },
          "sensitive_attributes": [],
          "private": "eyJlMmJmYjczMC1lY2FhLTExZTYtOGY4OC0zNDM2M2JjN2M0YzAiOnsiY3JlYXRlIjoxODAwMDAwMDAwMDAwLCJkZWxldGUiOjE4MDAwMDAwMDAwMDAsInJlYWQiOjMwMDAwMDAwMDAwMCwidXBkYXRlIjoxODAwMDAwMDAwMDAwfSwic2NoZW1hX3ZlcnNpb24iOiIxIn0=",
          "dependencies": [
            "azurerm_resource_group.rgdata01",
            "azurerm_storage_account.stacdata01"
          ]
        }
      ]
    },
    {
      "mode": "managed",
      "type": "databricks_cluster",
      "name": "dbcluster01",
      "provider": "provider[\"registry.terraform.io/databricks/databricks\"]",
      "instances": [
        {
          "schema_version": 2,
          "attributes": {
            "apply_policy_default_values": null,
            "autoscale": [],
            "autotermination_minutes": 20,
            "aws_attributes": [],
            "azure_attributes": [
              {
                "availability": "ON_DEMAND_AZURE",
                "first_on_demand": 1,
                "spot_bid_max_price": -1
              }
            ],
            "cluster_id": "0203-032819-90j26k6o",
            "cluster_log_conf": [],
            "cluster_mount_info": [],
            "cluster_name": "dbclusterdev01",
            "custom_tags": {
              "ResourceClass": "SingleNode"
            },
            "data_security_mode": null,
            "default_tags": {
              "ClusterId": "0203-032819-90j26k6o",
              "ClusterName": "dbclusterdev01",
              "Creator": "yuvarajgopal@gmail.com",
              "Vendor": "Databricks",
              "environment": "dev"
            },
            "docker_image": [],
            "driver_instance_pool_id": null,
            "driver_node_type_id": "Standard_DS3_v2",
            "enable_elastic_disk": true,
            "enable_local_disk_encryption": false,
            "gcp_attributes": [],
            "id": "0203-032819-90j26k6o",
            "idempotency_token": null,
            "init_scripts": [],
            "instance_pool_id": null,
            "is_pinned": false,
            "library": [],
            "node_type_id": "Standard_DS3_v2",
            "num_workers": 0,
            "policy_id": null,
            "runtime_engine": null,
            "single_user_name": null,
            "spark_conf": {
              "fs.azure.account.auth.type.stgcloudtechstackdev01.dfs.core.windows.net": "OAuth",
              "fs.azure.account.oauth.provider.type.stgcloudtechstackdev01.dfs.core.windows.net": "org.apache.hadoop.fs.azurebfs.oauth2.ClientCredsTokenProvider",
              "fs.azure.account.oauth2.client.endpoint.stgcloudtechstackdev01.dfs.core.windows.net": "https://login.microsoftonline.com/03606376-4fe2-46d8-828c-d86f0359d873/oauth2/token",
              "fs.azure.account.oauth2.client.id.stgcloudtechstackdev01.dfs.core.windows.net": "81024333-0ba4-4e62-859a-0b8597b33fbe",
              "fs.azure.account.oauth2.client.secret.stgcloudtechstackdev01.dfs.core.windows.net": "{{secrets/azkvdbwscope/databricksappsecret}}",
              "spark.databricks.cluster.profile": "singleNode",
              "spark.master": "local[*]"
            },
            "spark_env_vars": null,
            "spark_version": "14.3.x-scala2.12",
            "ssh_public_keys": null,
            "state": "RUNNING",
            "timeouts": null,
            "url": "https://adb-4682223416238881.1.azuredatabricks.net/#setting/clusters/0203-032819-90j26k6o/configuration",
            "workload_type": []
          },
          "sensitive_attributes": [
            [
              {
                "type": "get_attr",
                "value": "spark_conf"
              },
              {
                "type": "index",
                "value": {
                  "value": "fs.azure.account.oauth2.client.endpoint.stgcloudtechstackdev01.dfs.core.windows.net",
                  "type": "string"
                }
              }
            ],
            [
              {
                "type": "get_attr",
                "value": "spark_conf"
              },
              {
                "type": "index",
                "value": {
                  "value": "fs.azure.account.oauth2.client.id.stgcloudtechstackdev01.dfs.core.windows.net",
                  "type": "string"
                }
              }
            ]
          ],
          "private": "eyJlMmJmYjczMC1lY2FhLTExZTYtOGY4OC0zNDM2M2JjN2M0YzAiOnsiY3JlYXRlIjoxODAwMDAwMDAwMDAwLCJkZWxldGUiOjE4MDAwMDAwMDAwMDAsInVwZGF0ZSI6MTgwMDAwMDAwMDAwMH0sInNjaGVtYV92ZXJzaW9uIjoiMiJ9",
          "dependencies": [
            "azuread_application.databricksapp",
            "azuread_application_password.databricksapp",
            "azurerm_databricks_workspace.dbwdata01",
            "azurerm_key_vault.kvdatabricks",
            "azurerm_key_vault_secret.databricksappclientid",
            "azurerm_key_vault_secret.databricksappsecret",
            "azurerm_key_vault_secret.tenantid",
            "azurerm_resource_group.rgdata01",
            "data.azuread_client_config.current",
            "data.azuread_service_principal.azuredatabricks",
            "data.azurerm_client_config.current",
            "data.azurerm_key_vault_secret.databricksappclientid",
            "data.azurerm_key_vault_secret.databricksappsecret",
            "data.azurerm_key_vault_secret.tenantid",
            "data.databricks_node_type.smallest",
            "data.databricks_spark_version.latest",
            "databricks_secret_scope.dbwscope",
            "time_rotating.two_years"
          ]
        }
      ]
    },
    {
      "mode": "managed",
      "type": "databricks_secret_scope",
      "name": "dbwscope",
      "provider": "provider[\"registry.terraform.io/databricks/databricks\"]",
      "instances": [
        {
          "schema_version": 2,
          "attributes": {
            "backend_type": "AZURE_KEYVAULT",
            "id": "azkvdbwscope",
            "initial_manage_principal": "users",
            "keyvault_metadata": [
              {
                "dns_name": "https://kvcloudtechstackdev.vault.azure.net/",
                "resource_id": "/subscriptions/5c9e52b4-31bb-4ca1-82f3-22accc0c52c3/resourceGroups/rgdatacloudtechstackdev01/providers/Microsoft.KeyVault/vaults/kvcloudtechstackdev"
              }
            ],
            "name": "azkvdbwscope"
          },
          "sensitive_attributes": [],
          "private": "eyJzY2hlbWFfdmVyc2lvbiI6IjIifQ==",
          "dependencies": [
            "azurerm_databricks_workspace.dbwdata01",
            "azurerm_key_vault.kvdatabricks",
            "azurerm_resource_group.rgdata01",
            "data.azuread_service_principal.azuredatabricks",
            "data.azurerm_client_config.current"
          ]
        }
      ]
    },
    {
      "mode": "managed",
      "type": "time_rotating",
      "name": "two_years",
      "provider": "provider[\"registry.terraform.io/hashicorp/time\"]",
      "instances": [
        {
          "schema_version": 0,
          "attributes": {
            "day": 23,
            "hour": 3,
            "id": "2024-02-03T03:22:39Z",
            "minute": 22,
            "month": 1,
            "rfc3339": "2024-02-03T03:22:39Z",
            "rotation_days": 720,
            "rotation_hours": null,
            "rotation_minutes": null,
            "rotation_months": null,
            "rotation_rfc3339": "2026-01-23T03:22:39Z",
            "rotation_years": null,
            "second": 39,
            "triggers": null,
            "unix": 1769138559,
            "year": 2026
          },
          "sensitive_attributes": []
        }
      ]
    }
  ],
  "check_results": null
}
